
Microsoft Visual Studio Solution File, Format Version 12.00
# Visual Studio Version 17
VisualStudioVersion = 17.14.36705.20
MinimumVisualStudioVersion = 10.0.40219.1
Project("{FAE04EC0-301F-11D3-BF4B-00C04F79EFBC}") = "FinAware", "FinAware\FinAware.csproj", "{18E0242F-17A2-4829-8EBC-C5DFAE4DC2C8}"
EndProject
Project("{FAE04EC0-301F-11D3-BF4B-00C04F79EFBC}") = "FinAwareMvc", "FinAwareMvc\FinAwareMvc.csproj", "{F9E585BF-034F-419F-A16C-FF5B11401A7E}"
EndProject
Project("{FAE04EC0-301F-11D3-BF4B-00C04F79EFBC}") = "FinAware.Bot", "FinAware.Bot\FinAware.Bot.csproj", "{1EB063C5-8C69-4B09-A18E-33A967556786}"
EndProject
Global
	GlobalSection(SolutionConfigurationPlatforms) = preSolution
		Debug|Any CPU = Debug|Any CPU
		Release|Any CPU = Release|Any CPU
	EndGlobalSection
	GlobalSection(ProjectConfigurationPlatforms) = postSolution
		{18E0242F-17A2-4829-8EBC-C5DFAE4DC2C8}.Debug|Any CPU.ActiveCfg = Debug|Any CPU
		{18E0242F-17A2-4829-8EBC-C5DFAE4DC2C8}.Debug|Any CPU.Build.0 = Debug|Any CPU
		{18E0242F-17A2-4829-8EBC-C5DFAE4DC2C8}.Release|Any CPU.ActiveCfg = Release|Any CPU
		{18E0242F-17A2-4829-8EBC-C5DFAE4DC2C8}.Release|Any CPU.Build.0 = Release|Any CPU
		{F9E585BF-034F-419F-A16C-FF5B11401A7E}.Debug|Any CPU.ActiveCfg = Debug|Any CPU
		{F9E585BF-034F-419F-A16C-FF5B11401A7E}.Debug|Any CPU.Build.0 = Debug|Any CPU
		{F9E585BF-034F-419F-A16C-FF5B11401A7E}.Release|Any CPU.ActiveCfg = Release|Any CPU
		{F9E585BF-034F-419F-A16C-FF5B11401A7E}.Release|Any CPU.Build.0 = Release|Any CPU
		{1EB063C5-8C69-4B09-A18E-33A967556786}.Debug|Any CPU.ActiveCfg = Debug|Any CPU
		{1EB063C5-8C69-4B09-A18E-33A967556786}.Debug|Any CPU.Build.0 = Debug|Any CPU
		{1EB063C5-8C69-4B09-A18E-33A967556786}.Release|Any CPU.ActiveCfg = Release|Any CPU
		{1EB063C5-8C69-4B09-A18E-33A967556786}.Release|Any CPU.Build.0 = Release|Any CPU
	EndGlobalSection
	GlobalSection(SolutionProperties) = preSolution
		HideSolutionNode = FALSE
	EndGlobalSection
	GlobalSection(ExtensibilityGlobals) = postSolution
		SolutionGuid = {29D4DB02-DB55-4652-B59D-DE84356E9093}
	EndGlobalSection
EndGlobal
